# THIS IS AN AUTOGENERATED FILE. DO NOT EDIT THIS FILE DIRECTLY.
# yarn lockfile v1


"@babel/helper-module-imports@^7.0.0-beta.34":
  version "7.0.0-beta.37"
  resolved "https://registry.yarnpkg.com/@babel/helper-module-imports/-/helper-module-imports-7.0.0-beta.37.tgz#e0f34cfbe7eb0d70dc02e1481a236e26d127fb43"
  dependencies:
    "@babel/types" "7.0.0-beta.37"
    lodash "^4.2.0"

"@babel/types@7.0.0-beta.37":
  version "7.0.0-beta.37"
  resolved "https://registry.yarnpkg.com/@babel/types/-/types-7.0.0-beta.37.tgz#fa93af9aa9d85c331729bb923495af04d9b0617d"
  dependencies:
    esutils "^2.0.2"
    lodash "^4.2.0"
    to-fast-properties "^2.0.0"

babel-plugin-import@1.6.3:
  version "1.6.3"
  resolved "https://registry.yarnpkg.com/babel-plugin-import/-/babel-plugin-import-1.6.3.tgz#f4deeac51ff9f997c9cf38e8d7d7b9142504eaf5"
  dependencies:
    "@babel/helper-module-imports" "^7.0.0-beta.34"

esutils@^2.0.2:
  version "2.0.2"
  resolved "https://registry.yarnpkg.com/esutils/-/esutils-2.0.2.tgz#0abf4f1caa5bcb1f7a9d8acc6dea4faaa04bac9b"

lodash@^4.2.0:
  version "4.17.4"
  resolved "https://registry.yarnpkg.com/lodash/-/lodash-4.17.4.tgz#78203a4d1c328ae1d86dca6460e369b57f4055ae"

to-fast-properties@^2.0.0:
  version "2.0.0"
  resolved "https://registry.yarnpkg.com/to-fast-properties/-/to-fast-properties-2.0.0.tgz#dc5e698cbd079265bc73e0377681a4e4e83f616e"
